
Microsoft Visual Studio Solution File, Format Version 12.00
# Visual Studio Version 17
VisualStudioVersion = 17.1.32328.378
MinimumVisualStudioVersion = 10.0.40219.1
Project("{FAE04EC0-301F-11D3-BF4B-00C04F79EFBC}") = "PasswordCracker", "PasswordCracker\PasswordCracker.csproj", "{48058381-7D26-4E1D-A7E3-220D2A14BF86}"
EndProject
Global
	GlobalSection(SolutionConfigurationPlatforms) = preSolution
		Debug|Any CPU = Debug|Any CPU
		Release|Any CPU = Release|Any CPU
	EndGlobalSection
	GlobalSection(ProjectConfigurationPlatforms) = postSolution
		{48058381-7D26-4E1D-A7E3-220D2A14BF86}.Debug|Any CPU.ActiveCfg = Debug|Any CPU
		{48058381-7D26-4E1D-A7E3-220D2A14BF86}.Debug|Any CPU.Build.0 = Debug|Any CPU
		{48058381-7D26-4E1D-A7E3-220D2A14BF86}.Release|Any CPU.ActiveCfg = Release|Any CPU
		{48058381-7D26-4E1D-A7E3-220D2A14BF86}.Release|Any CPU.Build.0 = Release|Any CPU
	EndGlobalSection
	GlobalSection(SolutionProperties) = preSolution
		HideSolutionNode = FALSE
	EndGlobalSection
	GlobalSection(ExtensibilityGlobals) = postSolution
		SolutionGuid = {A3EE6364-97BB-4D36-8F15-86BE635D0B07}
	EndGlobalSection
EndGlobal
